
Microsoft Visual Studio Solution File, Format Version 12.00
# Visual Studio 15
VisualStudioVersion = 15.0.27428.2037
MinimumVisualStudioVersion = 10.0.40219.1
Project("{FAE04EC0-301F-11D3-BF4B-00C04F79EFBC}") = "school_helper", "school_helper\school_helper.csproj", "{743F225C-B3F0-4D62-821C-F9EDF85DE3CB}"
EndProject
Global
	GlobalSection(SolutionConfigurationPlatforms) = preSolution
		Debug|Any CPU = Debug|Any CPU
		Release|Any CPU = Release|Any CPU
	EndGlobalSection
	GlobalSection(ProjectConfigurationPlatforms) = postSolution
		{743F225C-B3F0-4D62-821C-F9EDF85DE3CB}.Debug|Any CPU.ActiveCfg = Debug|Any CPU
		{743F225C-B3F0-4D62-821C-F9EDF85DE3CB}.Debug|Any CPU.Build.0 = Debug|Any CPU
		{743F225C-B3F0-4D62-821C-F9EDF85DE3CB}.Release|Any CPU.ActiveCfg = Release|Any CPU
		{743F225C-B3F0-4D62-821C-F9EDF85DE3CB}.Release|Any CPU.Build.0 = Release|Any CPU
	EndGlobalSection
	GlobalSection(SolutionProperties) = preSolution
		HideSolutionNode = FALSE
	EndGlobalSection
	GlobalSection(ExtensibilityGlobals) = postSolution
		SolutionGuid = {F08369EF-A262-469A-9B33-7DD8D68E692B}
	EndGlobalSection
EndGlobal
